
Microsoft Visual Studio Solution File, Format Version 12.00
# Visual Studio Version 17
VisualStudioVersion = 17.7.34031.279
MinimumVisualStudioVersion = 10.0.40219.1
Project("{8BC9CEB8-8B4A-11D0-8D11-00A0C91BC942}") = "testdll", "project\testdll\testdll.vcxproj", "{EF42A979-9630-4A3A-9DD2-7CFC429AB33A}"
EndProject
Project("{8BC9CEB8-8B4A-11D0-8D11-00A0C91BC942}") = "testdllex", "project\testdllex\testdllex.vcxproj", "{D2F127B3-8305-49EC-90C1-3F5512CD1772}"
EndProject
Global
	GlobalSection(SolutionConfigurationPlatforms) = preSolution
		Release|x64 = Release|x64
		Release|x86 = Release|x86
	EndGlobalSection
	GlobalSection(ProjectConfigurationPlatforms) = postSolution
		{EF42A979-9630-4A3A-9DD2-7CFC429AB33A}.Release|x64.ActiveCfg = Release|x64
		{EF42A979-9630-4A3A-9DD2-7CFC429AB33A}.Release|x64.Build.0 = Release|x64
		{EF42A979-9630-4A3A-9DD2-7CFC429AB33A}.Release|x86.ActiveCfg = Release|Win32
		{EF42A979-9630-4A3A-9DD2-7CFC429AB33A}.Release|x86.Build.0 = Release|Win32
		{D2F127B3-8305-49EC-90C1-3F5512CD1772}.Release|x64.ActiveCfg = Release|x64
		{D2F127B3-8305-49EC-90C1-3F5512CD1772}.Release|x64.Build.0 = Release|x64
		{D2F127B3-8305-49EC-90C1-3F5512CD1772}.Release|x86.ActiveCfg = Release|Win32
		{D2F127B3-8305-49EC-90C1-3F5512CD1772}.Release|x86.Build.0 = Release|Win32
	EndGlobalSection
	GlobalSection(SolutionProperties) = preSolution
		HideSolutionNode = FALSE
	EndGlobalSection
	GlobalSection(ExtensibilityGlobals) = postSolution
		SolutionGuid = {9285E235-7DCC-4D2B-B374-979D4BFEA804}
	EndGlobalSection
EndGlobal
