<?xml version="1.0" encoding="utf-8"?>
<Project ToolsVersion="4.0" xmlns="http://schemas.microsoft.com/developer/msbuild/2003">
  <ItemGroup>
    <ClCompile Include="tutorial.cpp" />
    <ClCompile Include="sdk.cpp" />
    <ClCompile Include="seh.cpp" />
    <ClCompile Include="switchcase.cpp" />
    <ClCompile Include="cxxeh.cpp" />
  </ItemGroup>
  <ItemGroup>
    <None Include="tutorial.def" />
  </ItemGroup>
</Project>