
Microsoft Visual Studio Solution File, Format Version 12.00
# Visual Studio Version 17
VisualStudioVersion = 17.7.34031.279
MinimumVisualStudioVersion = 10.0.40219.1
Project("{2150E333-8FDC-42A3-9474-1A3956D46DE8}") = "01", "01", "{603FEDD9-FFAE-44F9-A9EB-D380ABF02C7C}"
EndProject
Project("{8BC9CEB8-8B4A-11D0-8D11-00A0C91BC942}") = "exts", "01\exts\exts.vcxproj", "{C8A4B411-3D6A-41B9-8EFB-D31B5223A5AB}"
EndProject
Project("{8BC9CEB8-8B4A-11D0-8D11-00A0C91BC942}") = "sample", "01\sample\sample.vcxproj", "{A32F254C-F22D-4FBC-A31C-CAADF4504958}"
EndProject
Project("{2150E333-8FDC-42A3-9474-1A3956D46DE8}") = "02", "02", "{349D25B4-8B7F-4EE4-B5EA-A50D859D716E}"
EndProject
Project("{8BC9CEB8-8B4A-11D0-8D11-00A0C91BC942}") = "map", "02\map\map.vcxproj", "{94F08465-4360-4343-8A69-A8B30AC904F3}"
EndProject
Project("{2150E333-8FDC-42A3-9474-1A3956D46DE8}") = "03", "03", "{56116FE5-D144-4A74-B2D0-C786D4DFE8F7}"
EndProject
Project("{8BC9CEB8-8B4A-11D0-8D11-00A0C91BC942}") = "ldrmon", "03\ldrmon\ldrmon.vcxproj", "{EF9C0209-FC2B-40F9-BA01-8F906C6F8221}"
EndProject
Project("{8BC9CEB8-8B4A-11D0-8D11-00A0C91BC942}") = "extsldr", "03\extsldr\extsldr.vcxproj", "{61395D34-A7FA-44C1-9B48-1DA59F0EB12E}"
EndProject
Project("{2150E333-8FDC-42A3-9474-1A3956D46DE8}") = "05", "05", "{5FE1FDAB-A7A9-438C-9BD6-257FBE14CB82}"
EndProject
Project("{8BC9CEB8-8B4A-11D0-8D11-00A0C91BC942}") = "test_lazy_importer", "05\test_lazy_importer\test_lazy_importer.vcxproj", "{BC64CDC4-1E1D-4078-A47C-397876752926}"
EndProject
Project("{2150E333-8FDC-42A3-9474-1A3956D46DE8}") = "06", "06", "{148C3621-097B-47DF-AB22-E98957F94EAA}"
EndProject
Project("{8BC9CEB8-8B4A-11D0-8D11-00A0C91BC942}") = "antidmp", "06\antidmp\antidmp.vcxproj", "{D862574C-D3AF-4A54-AA17-62AE0D7F0C30}"
EndProject
Global
	GlobalSection(SolutionConfigurationPlatforms) = preSolution
		Release|x64 = Release|x64
		Release|x86 = Release|x86
	EndGlobalSection
	GlobalSection(ProjectConfigurationPlatforms) = postSolution
		{C8A4B411-3D6A-41B9-8EFB-D31B5223A5AB}.Release|x64.ActiveCfg = Release|x64
		{C8A4B411-3D6A-41B9-8EFB-D31B5223A5AB}.Release|x64.Build.0 = Release|x64
		{C8A4B411-3D6A-41B9-8EFB-D31B5223A5AB}.Release|x86.ActiveCfg = Release|Win32
		{C8A4B411-3D6A-41B9-8EFB-D31B5223A5AB}.Release|x86.Build.0 = Release|Win32
		{A32F254C-F22D-4FBC-A31C-CAADF4504958}.Release|x64.ActiveCfg = Release|x64
		{A32F254C-F22D-4FBC-A31C-CAADF4504958}.Release|x64.Build.0 = Release|x64
		{A32F254C-F22D-4FBC-A31C-CAADF4504958}.Release|x86.ActiveCfg = Release|Win32
		{A32F254C-F22D-4FBC-A31C-CAADF4504958}.Release|x86.Build.0 = Release|Win32
		{94F08465-4360-4343-8A69-A8B30AC904F3}.Release|x64.ActiveCfg = Release|x64
		{94F08465-4360-4343-8A69-A8B30AC904F3}.Release|x64.Build.0 = Release|x64
		{94F08465-4360-4343-8A69-A8B30AC904F3}.Release|x86.ActiveCfg = Release|Win32
		{94F08465-4360-4343-8A69-A8B30AC904F3}.Release|x86.Build.0 = Release|Win32
		{EF9C0209-FC2B-40F9-BA01-8F906C6F8221}.Release|x64.ActiveCfg = Release|x64
		{EF9C0209-FC2B-40F9-BA01-8F906C6F8221}.Release|x64.Build.0 = Release|x64
		{EF9C0209-FC2B-40F9-BA01-8F906C6F8221}.Release|x86.ActiveCfg = Release|Win32
		{EF9C0209-FC2B-40F9-BA01-8F906C6F8221}.Release|x86.Build.0 = Release|Win32
		{61395D34-A7FA-44C1-9B48-1DA59F0EB12E}.Release|x64.ActiveCfg = Release|x64
		{61395D34-A7FA-44C1-9B48-1DA59F0EB12E}.Release|x64.Build.0 = Release|x64
		{61395D34-A7FA-44C1-9B48-1DA59F0EB12E}.Release|x86.ActiveCfg = Release|Win32
		{61395D34-A7FA-44C1-9B48-1DA59F0EB12E}.Release|x86.Build.0 = Release|Win32
		{BC64CDC4-1E1D-4078-A47C-397876752926}.Release|x64.ActiveCfg = Release|x64
		{BC64CDC4-1E1D-4078-A47C-397876752926}.Release|x64.Build.0 = Release|x64
		{BC64CDC4-1E1D-4078-A47C-397876752926}.Release|x86.ActiveCfg = Release|Win32
		{BC64CDC4-1E1D-4078-A47C-397876752926}.Release|x86.Build.0 = Release|Win32
		{D862574C-D3AF-4A54-AA17-62AE0D7F0C30}.Release|x64.ActiveCfg = Release|x64
		{D862574C-D3AF-4A54-AA17-62AE0D7F0C30}.Release|x64.Build.0 = Release|x64
		{D862574C-D3AF-4A54-AA17-62AE0D7F0C30}.Release|x86.ActiveCfg = Release|Win32
		{D862574C-D3AF-4A54-AA17-62AE0D7F0C30}.Release|x86.Build.0 = Release|Win32
	EndGlobalSection
	GlobalSection(SolutionProperties) = preSolution
		HideSolutionNode = FALSE
	EndGlobalSection
	GlobalSection(NestedProjects) = preSolution
		{C8A4B411-3D6A-41B9-8EFB-D31B5223A5AB} = {603FEDD9-FFAE-44F9-A9EB-D380ABF02C7C}
		{A32F254C-F22D-4FBC-A31C-CAADF4504958} = {603FEDD9-FFAE-44F9-A9EB-D380ABF02C7C}
		{94F08465-4360-4343-8A69-A8B30AC904F3} = {349D25B4-8B7F-4EE4-B5EA-A50D859D716E}
		{EF9C0209-FC2B-40F9-BA01-8F906C6F8221} = {56116FE5-D144-4A74-B2D0-C786D4DFE8F7}
		{61395D34-A7FA-44C1-9B48-1DA59F0EB12E} = {56116FE5-D144-4A74-B2D0-C786D4DFE8F7}
		{BC64CDC4-1E1D-4078-A47C-397876752926} = {5FE1FDAB-A7A9-438C-9BD6-257FBE14CB82}
		{D862574C-D3AF-4A54-AA17-62AE0D7F0C30} = {148C3621-097B-47DF-AB22-E98957F94EAA}
	EndGlobalSection
	GlobalSection(ExtensibilityGlobals) = postSolution
		SolutionGuid = {325C394A-2417-411B-87E5-A606F1A4CBB4}
	EndGlobalSection
EndGlobal
