
Microsoft Visual Studio Solution File, Format Version 12.00
# Visual Studio Version 16
VisualStudioVersion = 16.0.31702.278
MinimumVisualStudioVersion = 10.0.40219.1
Project("{8BC9CEB8-8B4A-11D0-8D11-00A0C91BC942}") = "sample", "sample\sample.vcxproj", "{A32F254C-F22D-4FBC-A31C-CAADF4504958}"
EndProject
Project("{8BC9CEB8-8B4A-11D0-8D11-00A0C91BC942}") = "exts", "exts\exts.vcxproj", "{C8A4B411-3D6A-41B9-8EFB-D31B5223A5AB}"
EndProject
Global
	GlobalSection(SolutionConfigurationPlatforms) = preSolution
		Release|x64 = Release|x64
		Release|x86 = Release|x86
	EndGlobalSection
	GlobalSection(ProjectConfigurationPlatforms) = postSolution
		{A32F254C-F22D-4FBC-A31C-CAADF4504958}.Release|x64.ActiveCfg = Release|x64
		{A32F254C-F22D-4FBC-A31C-CAADF4504958}.Release|x64.Build.0 = Release|x64
		{A32F254C-F22D-4FBC-A31C-CAADF4504958}.Release|x86.ActiveCfg = Release|Win32
		{A32F254C-F22D-4FBC-A31C-CAADF4504958}.Release|x86.Build.0 = Release|Win32
		{C8A4B411-3D6A-41B9-8EFB-D31B5223A5AB}.Release|x64.ActiveCfg = Release|x64
		{C8A4B411-3D6A-41B9-8EFB-D31B5223A5AB}.Release|x64.Build.0 = Release|x64
		{C8A4B411-3D6A-41B9-8EFB-D31B5223A5AB}.Release|x86.ActiveCfg = Release|Win32
		{C8A4B411-3D6A-41B9-8EFB-D31B5223A5AB}.Release|x86.Build.0 = Release|Win32
	EndGlobalSection
	GlobalSection(SolutionProperties) = preSolution
		HideSolutionNode = FALSE
	EndGlobalSection
	GlobalSection(ExtensibilityGlobals) = postSolution
		SolutionGuid = {325C394A-2417-411B-87E5-A606F1A4CBB4}
	EndGlobalSection
EndGlobal
